{
  "name": "test-install",
  "version": "1.0.0",
  "lockfileVersion": 3,
  "requires": true,
  "packages": {
    "": {
      "name": "test-install",
      "version": "1.0.0",
      "license": "ISC",
      "dependencies": {
        "@click-chutney/analytics": "^1.1.0"
      }
    },
    "node_modules/@click-chutney/analytics": {
      "version": "1.1.0",
      "resolved": "https://registry.npmjs.org/@click-chutney/analytics/-/analytics-1.1.0.tgz",
      "integrity": "sha512-IIpVc6OapqnbrSyN9woVzm52pT6sNpacvBbPoD/ree4sIYN23cgnXtHiUU3CRAlgZEUkZACEt0BeAO/QriPgrw==",
      "license": "MIT",
      "engines": {
        "node": ">=16"
      },
      "peerDependencies": {
        "next": ">=12.0.0",
        "react": ">=17.0.0"
      },
      "peerDependenciesMeta": {
        "next": {
          "optional": true
        },
        "react": {
          "optional": true
        }
      }
    }
  }
}
